// !$*UTF8*$!
{
	archiveVersion = 1;
	classes = {
	};
	objectVersion = 56;
	objects = {

/* Begin PBXBuildFile section */
		671448CE2971CCE5006A39BF /* ProductScreen.swift in Sources */ = {isa = PBXBuildFile; fileRef = 671448CD2971CCE5006A39BF /* ProductScreen.swift */; };
		674172C22975C59C00AD9886 /* ProductCollectionViewCell.swift in Sources */ = {isa = PBXBuildFile; fileRef = 674172C12975C59C00AD9886 /* ProductCollectionViewCell.swift */; };
		674172C42975E31C00AD9886 /* Product.swift in Sources */ = {isa = PBXBuildFile; fileRef = 674172C32975E31C00AD9886 /* Product.swift */; };
		674172C62977094C00AD9886 /* CarouselCell.swift in Sources */ = {isa = PBXBuildFile; fileRef = 674172C52977094C00AD9886 /* CarouselCell.swift */; };
		674172C82977149E00AD9886 /* Response.swift in Sources */ = {isa = PBXBuildFile; fileRef = 674172C72977149E00AD9886 /* Response.swift */; };
		67A670772970991100C6FFAC /* AppDelegate.swift in Sources */ = {isa = PBXBuildFile; fileRef = 67A670762970991100C6FFAC /* AppDelegate.swift */; };
		67A670792970991100C6FFAC /* SceneDelegate.swift in Sources */ = {isa = PBXBuildFile; fileRef = 67A670782970991100C6FFAC /* SceneDelegate.swift */; };
		67A6707B2970991100C6FFAC /* SearchScreen.swift in Sources */ = {isa = PBXBuildFile; fileRef = 67A6707A2970991100C6FFAC /* SearchScreen.swift */; };
		67A670802970991200C6FFAC /* Assets.xcassets in Resources */ = {isa = PBXBuildFile; fileRef = 67A6707F2970991200C6FFAC /* Assets.xcassets */; };
		67A670832970991200C6FFAC /* LaunchScreen.storyboard in Resources */ = {isa = PBXBuildFile; fileRef = 67A670812970991200C6FFAC /* LaunchScreen.storyboard */; };
		67A6708E2971C4F300C6FFAC /* APIHandler.swift in Sources */ = {isa = PBXBuildFile; fileRef = 67A6708D2971C4F300C6FFAC /* APIHandler.swift */; };
/* End PBXBuildFile section */

/* Begin PBXFileReference section */
		671448CD2971CCE5006A39BF /* ProductScreen.swift */ = {isa = PBXFileReference; lastKnownFileType = sourcecode.swift; path = ProductScreen.swift; sourceTree = "<group>"; };
		674172C12975C59C00AD9886 /* ProductCollectionViewCell.swift */ = {isa = PBXFileReference; lastKnownFileType = sourcecode.swift; path = ProductCollectionViewCell.swift; sourceTree = "<group>"; };
		674172C32975E31C00AD9886 /* Product.swift */ = {isa = PBXFileReference; lastKnownFileType = sourcecode.swift; path = Product.swift; sourceTree = "<group>"; };
		674172C52977094C00AD9886 /* CarouselCell.swift */ = {isa = PBXFileReference; lastKnownFileType = sourcecode.swift; path = CarouselCell.swift; sourceTree = "<group>"; };
		674172C72977149E00AD9886 /* Response.swift */ = {isa = PBXFileReference; lastKnownFileType = sourcecode.swift; path = Response.swift; sourceTree = "<group>"; };
		67A670732970991100C6FFAC /* Productopedia.app */ = {isa = PBXFileReference; explicitFileType = wrapper.application; includeInIndex = 0; path = Productopedia.app; sourceTree = BUILT_PRODUCTS_DIR; };
		67A670762970991100C6FFAC /* AppDelegate.swift */ = {isa = PBXFileReference; lastKnownFileType = sourcecode.swift; path = AppDelegate.swift; sourceTree = "<group>"; };
		67A670782970991100C6FFAC /* SceneDelegate.swift */ = {isa = PBXFileReference; lastKnownFileType = sourcecode.swift; path = SceneDelegate.swift; sourceTree = "<group>"; };
		67A6707A2970991100C6FFAC /* SearchScreen.swift */ = {isa = PBXFileReference; lastKnownFileType = sourcecode.swift; path = SearchScreen.swift; sourceTree = "<group>"; };
		67A6707F2970991200C6FFAC /* Assets.xcassets */ = {isa = PBXFileReference; lastKnownFileType = folder.assetcatalog; path = Assets.xcassets; sourceTree = "<group>"; };
		67A670822970991200C6FFAC /* Base */ = {isa = PBXFileReference; lastKnownFileType = file.storyboard; name = Base; path = Base.lproj/LaunchScreen.storyboard; sourceTree = "<group>"; };
		67A670842970991200C6FFAC /* Info.plist */ = {isa = PBXFileReference; lastKnownFileType = text.plist.xml; path = Info.plist; sourceTree = "<group>"; };
		67A6708D2971C4F300C6FFAC /* APIHandler.swift */ = {isa = PBXFileReference; lastKnownFileType = sourcecode.swift; path = APIHandler.swift; sourceTree = "<group>"; };
/* End PBXFileReference section */

/* Begin PBXFrameworksBuildPhase section */
		67A670702970991100C6FFAC /* Frameworks */ = {
			isa = PBXFrameworksBuildPhase;
			buildActionMask = 2147483647;
			files = (
			);
			runOnlyForDeploymentPostprocessing = 0;
		};
/* End PBXFrameworksBuildPhase section */

/* Begin PBXGroup section */
		6707C3A329784FAC00FD1BBD /* Views */ = {
			isa = PBXGroup;
			children = (
				674172C52977094C00AD9886 /* CarouselCell.swift */,
				674172C12975C59C00AD9886 /* ProductCollectionViewCell.swift */,
			);
			path = Views;
			sourceTree = "<group>";
		};
		67A6706A2970991100C6FFAC = {
			isa = PBXGroup;
			children = (
				67A670752970991100C6FFAC /* Productopedia */,
				67A670742970991100C6FFAC /* Products */,
			);
			sourceTree = "<group>";
		};
		67A670742970991100C6FFAC /* Products */ = {
			isa = PBXGroup;
			children = (
				67A670732970991100C6FFAC /* Productopedia.app */,
			);
			name = Products;
			sourceTree = "<group>";
		};
		67A670752970991100C6FFAC /* Productopedia */ = {
			isa = PBXGroup;
			children = (
				6707C3A329784FAC00FD1BBD /* Views */,
				67A6708C2971C3F500C6FFAC /* Controllers */,
				67A6708A2971C35A00C6FFAC /* Models */,
				67A6707F2970991200C6FFAC /* Assets.xcassets */,
				67A670812970991200C6FFAC /* LaunchScreen.storyboard */,
				67A670842970991200C6FFAC /* Info.plist */,
			);
			path = Productopedia;
			sourceTree = "<group>";
		};
		67A6708A2971C35A00C6FFAC /* Models */ = {
			isa = PBXGroup;
			children = (
				67A6708D2971C4F300C6FFAC /* APIHandler.swift */,
				674172C32975E31C00AD9886 /* Product.swift */,
				674172C72977149E00AD9886 /* Response.swift */,
			);
			path = Models;
			sourceTree = "<group>";
		};
		67A6708C2971C3F500C6FFAC /* Controllers */ = {
			isa = PBXGroup;
			children = (
				67A670762970991100C6FFAC /* AppDelegate.swift */,
				67A670782970991100C6FFAC /* SceneDelegate.swift */,
				67A6707A2970991100C6FFAC /* SearchScreen.swift */,
				671448CD2971CCE5006A39BF /* ProductScreen.swift */,
			);
			path = Controllers;
			sourceTree = "<group>";
		};
/* End PBXGroup section */

/* Begin PBXNativeTarget section */
		67A670722970991100C6FFAC /* Productopedia */ = {
			isa = PBXNativeTarget;
			buildConfigurationList = 67A670872970991200C6FFAC /* Build configuration list for PBXNativeTarget "Productopedia" */;
			buildPhases = (
				67A6706F2970991100C6FFAC /* Sources */,
				67A670702970991100C6FFAC /* Frameworks */,
				67A670712970991100C6FFAC /* Resources */,
			);
			buildRules = (
			);
			dependencies = (
			);
			name = Productopedia;
			productName = Productopedia;
			productReference = 67A670732970991100C6FFAC /* Productopedia.app */;
			productType = "com.apple.product-type.application";
		};
/* End PBXNativeTarget section */

/* Begin PBXProject section */
		67A6706B2970991100C6FFAC /* Project object */ = {
			isa = PBXProject;
			attributes = {
				BuildIndependentTargetsInParallel = 1;
				LastSwiftUpdateCheck = 1420;
				LastUpgradeCheck = 1420;
				TargetAttributes = {
					67A670722970991100C6FFAC = {
						CreatedOnToolsVersion = 14.2;
					};
				};
			};
			buildConfigurationList = 67A6706E2970991100C6FFAC /* Build configuration list for PBXProject "Productopedia" */;
			compatibilityVersion = "Xcode 14.0";
			developmentRegion = en;
			hasScannedForEncodings = 0;
			knownRegions = (
				en,
				Base,
			);
			mainGroup = 67A6706A2970991100C6FFAC;
			productRefGroup = 67A670742970991100C6FFAC /* Products */;
			projectDirPath = "";
			projectRoot = "";
			targets = (
				67A670722970991100C6FFAC /* Productopedia */,
			);
		};
/* End PBXProject section */

/* Begin PBXResourcesBuildPhase section */
		67A670712970991100C6FFAC /* Resources */ = {
			isa = PBXResourcesBuildPhase;
			buildActionMask = 2147483647;
			files = (
				67A670832970991200C6FFAC /* LaunchScreen.storyboard in Resources */,
				67A670802970991200C6FFAC /* Assets.xcassets in Resources */,
			);
			runOnlyForDeploymentPostprocessing = 0;
		};
/* End PBXResourcesBuildPhase section */

/* Begin PBXSourcesBuildPhase section */
		67A6706F2970991100C6FFAC /* Sources */ = {
			isa = PBXSourcesBuildPhase;
			buildActionMask = 2147483647;
			files = (
				671448CE2971CCE5006A39BF /* ProductScreen.swift in Sources */,
				67A6707B2970991100C6FFAC /* SearchScreen.swift in Sources */,
				67A670772970991100C6FFAC /* AppDelegate.swift in Sources */,
				674172C62977094C00AD9886 /* CarouselCell.swift in Sources */,
				674172C82977149E00AD9886 /* Response.swift in Sources */,
				67A670792970991100C6FFAC /* SceneDelegate.swift in Sources */,
				674172C22975C59C00AD9886 /* ProductCollectionViewCell.swift in Sources */,
				67A6708E2971C4F300C6FFAC /* APIHandler.swift in Sources */,
				674172C42975E31C00AD9886 /* Product.swift in Sources */,
			);
			runOnlyForDeploymentPostprocessing = 0;
		};
/* End PBXSourcesBuildPhase section */

/* Begin PBXVariantGroup section */
		67A670812970991200C6FFAC /* LaunchScreen.storyboard */ = {
			isa = PBXVariantGroup;
			children = (
				67A670822970991200C6FFAC /* Base */,
			);
			name = LaunchScreen.storyboard;
			sourceTree = "<group>";
		};
/* End PBXVariantGroup section */

/* Begin XCBuildConfiguration section */
		67A670852970991200C6FFAC /* Debug */ = {
			isa = XCBuildConfiguration;
			buildSettings = {
				ALWAYS_SEARCH_USER_PATHS = NO;
				CLANG_ANALYZER_NONNULL = YES;
				CLANG_ANALYZER_NUMBER_OBJECT_CONVERSION = YES_AGGRESSIVE;
				CLANG_CXX_LANGUAGE_STANDARD = "gnu++20";
				CLANG_ENABLE_MODULES = YES;
				CLANG_ENABLE_OBJC_ARC = YES;
				CLANG_ENABLE_OBJC_WEAK = YES;
				CLANG_WARN_BLOCK_CAPTURE_AUTORELEASING = YES;
				CLANG_WARN_BOOL_CONVERSION = YES;
				CLANG_WARN_COMMA = YES;
				CLANG_WARN_CONSTANT_CONVERSION = YES;
				CLANG_WARN_DEPRECATED_OBJC_IMPLEMENTATIONS = YES;
				CLANG_WARN_DIRECT_OBJC_ISA_USAGE = YES_ERROR;
				CLANG_WARN_DOCUMENTATION_COMMENTS = YES;
				CLANG_WARN_EMPTY_BODY = YES;
				CLANG_WARN_ENUM_CONVERSION = YES;
				CLANG_WARN_INFINITE_RECURSION = YES;
				CLANG_WARN_INT_CONVERSION = YES;
				CLANG_WARN_NON_LITERAL_NULL_CONVERSION = YES;
				CLANG_WARN_OBJC_IMPLICIT_RETAIN_SELF = YES;
				CLANG_WARN_OBJC_LITERAL_CONVERSION = YES;
				CLANG_WARN_OBJC_ROOT_CLASS = YES_ERROR;
				CLANG_WARN_QUOTED_INCLUDE_IN_FRAMEWORK_HEADER = YES;
				CLANG_WARN_RANGE_LOOP_ANALYSIS = YES;
				CLANG_WARN_STRICT_PROTOTYPES = YES;
				CLANG_WARN_SUSPICIOUS_MOVE = YES;
				CLANG_WARN_UNGUARDED_AVAILABILITY = YES_AGGRESSIVE;
				CLANG_WARN_UNREACHABLE_CODE = YES;
				CLANG_WARN__DUPLICATE_METHOD_MATCH = YES;
				COPY_PHASE_STRIP = NO;
				DEBUG_INFORMATION_FORMAT = dwarf;
				ENABLE_STRICT_OBJC_MSGSEND = YES;
				ENABLE_TESTABILITY = YES;
				GCC_C_LANGUAGE_STANDARD = gnu11;
				GCC_DYNAMIC_NO_PIC = NO;
				GCC_NO_COMMON_BLOCKS = YES;
				GCC_OPTIMIZATION_LEVEL = 0;
				GCC_PREPROCESSOR_DEFINITIONS = (
					"DEBUG=1",
					"$(inherited)",
				);
				GCC_WARN_64_TO_32_BIT_CONVERSION = YES;
				GCC_WARN_ABOUT_RETURN_TYPE = YES_ERROR;
				GCC_WARN_UNDECLARED_SELECTOR = YES;
				GCC_WARN_UNINITIALIZED_AUTOS = YES_AGGRESSIVE;
				GCC_WARN_UNUSED_FUNCTION = YES;
				GCC_WARN_UNUSED_VARIABLE = YES;
				IPHONEOS_DEPLOYMENT_TARGET = 16.2;
				MTL_ENABLE_DEBUG_INFO = INCLUDE_SOURCE;
				MTL_FAST_MATH = YES;
				ONLY_ACTIVE_ARCH = YES;
				SDKROOT = iphoneos;
				SWIFT_ACTIVE_COMPILATION_CONDITIONS = DEBUG;
				SWIFT_OPTIMIZATION_LEVEL = "-Onone";
			};
			name = Debug;
		};
		67A670862970991200C6FFAC /* Release */ = {
			isa = XCBuildConfiguration;
			buildSettings = {
				ALWAYS_SEARCH_USER_PATHS = NO;
				CLANG_ANALYZER_NONNULL = YES;
				CLANG_ANALYZER_NUMBER_OBJECT_CONVERSION = YES_AGGRESSIVE;
				CLANG_CXX_LANGUAGE_STANDARD = "gnu++20";
				CLANG_ENABLE_MODULES = YES;
				CLANG_ENABLE_OBJC_ARC = YES;
				CLANG_ENABLE_OBJC_WEAK = YES;
				CLANG_WARN_BLOCK_CAPTURE_AUTORELEASING = YES;
				CLANG_WARN_BOOL_CONVERSION = YES;
				CLANG_WARN_COMMA = YES;
				CLANG_WARN_CONSTANT_CONVERSION = YES;
				CLANG_WARN_DEPRECATED_OBJC_IMPLEMENTATIONS = YES;
				CLANG_WARN_DIRECT_OBJC_ISA_USAGE = YES_ERROR;
				CLANG_WARN_DOCUMENTATION_COMMENTS = YES;
				CLANG_WARN_EMPTY_BODY = YES;
				CLANG_WARN_ENUM_CONVERSION = YES;
				CLANG_WARN_INFINITE_RECURSION = YES;
				CLANG_WARN_INT_CONVERSION = YES;
				CLANG_WARN_NON_LITERAL_NULL_CONVERSION = YES;
				CLANG_WARN_OBJC_IMPLICIT_RETAIN_SELF = YES;
				CLANG_WARN_OBJC_LITERAL_CONVERSION = YES;
				CLANG_WARN_OBJC_ROOT_CLASS = YES_ERROR;
				CLANG_WARN_QUOTED_INCLUDE_IN_FRAMEWORK_HEADER = YES;
				CLANG_WARN_RANGE_LOOP_ANALYSIS = YES;
				CLANG_WARN_STRICT_PROTOTYPES = YES;
				CLANG_WARN_SUSPICIOUS_MOVE = YES;
				CLANG_WARN_UNGUARDED_AVAILABILITY = YES_AGGRESSIVE;
				CLANG_WARN_UNREACHABLE_CODE = YES;
				CLANG_WARN__DUPLICATE_METHOD_MATCH = YES;
				COPY_PHASE_STRIP = NO;
				DEBUG_INFORMATION_FORMAT = "dwarf-with-dsym";
				ENABLE_NS_ASSERTIONS = NO;
				ENABLE_STRICT_OBJC_MSGSEND = YES;
				GCC_C_LANGUAGE_STANDARD = gnu11;
				GCC_NO_COMMON_BLOCKS = YES;
				GCC_WARN_64_TO_32_BIT_CONVERSION = YES;
				GCC_WARN_ABOUT_RETURN_TYPE = YES_ERROR;
				GCC_WARN_UNDECLARED_SELECTOR = YES;
				GCC_WARN_UNINITIALIZED_AUTOS = YES_AGGRESSIVE;
				GCC_WARN_UNUSED_FUNCTION = YES;
				GCC_WARN_UNUSED_VARIABLE = YES;
				IPHONEOS_DEPLOYMENT_TARGET = 16.2;
				MTL_ENABLE_DEBUG_INFO = NO;
				MTL_FAST_MATH = YES;
				SDKROOT = iphoneos;
				SWIFT_COMPILATION_MODE = wholemodule;
				SWIFT_OPTIMIZATION_LEVEL = "-O";
				VALIDATE_PRODUCT = YES;
			};
			name = Release;
		};
		67A670882970991200C6FFAC /* Debug */ = {
			isa = XCBuildConfiguration;
			buildSettings = {
				ASSETCATALOG_COMPILER_APPICON_NAME = AppIcon;
				ASSETCATALOG_COMPILER_GLOBAL_ACCENT_COLOR_NAME = AccentColor;
				CODE_SIGN_STYLE = Automatic;
				CURRENT_PROJECT_VERSION = 1;
				GENERATE_INFOPLIST_FILE = YES;
				INFOPLIST_FILE = Productopedia/Info.plist;
				INFOPLIST_KEY_UIApplicationSupportsIndirectInputEvents = YES;
				INFOPLIST_KEY_UILaunchStoryboardName = LaunchScreen;
				INFOPLIST_KEY_UISupportedInterfaceOrientations_iPad = "UIInterfaceOrientationPortrait UIInterfaceOrientationPortraitUpsideDown UIInterfaceOrientationLandscapeLeft UIInterfaceOrientationLandscapeRight";
				INFOPLIST_KEY_UISupportedInterfaceOrientations_iPhone = "UIInterfaceOrientationPortrait UIInterfaceOrientationLandscapeLeft UIInterfaceOrientationLandscapeRight";
				LD_RUNPATH_SEARCH_PATHS = (
					"$(inherited)",
					"@executable_path/Frameworks",
				);
				MARKETING_VERSION = 1.0;
				PRODUCT_BUNDLE_IDENTIFIER = "com.nicholas-adam1.Productopedia";
				PRODUCT_NAME = "$(TARGET_NAME)";
				SWIFT_EMIT_LOC_STRINGS = YES;
				SWIFT_VERSION = 5.0;
				TARGETED_DEVICE_FAMILY = "1,2";
			};
			name = Debug;
		};
		67A670892970991200C6FFAC /* Release */ = {
			isa = XCBuildConfiguration;
			buildSettings = {
				ASSETCATALOG_COMPILER_APPICON_NAME = AppIcon;
				ASSETCATALOG_COMPILER_GLOBAL_ACCENT_COLOR_NAME = AccentColor;
				CODE_SIGN_STYLE = Automatic;
				CURRENT_PROJECT_VERSION = 1;
				GENERATE_INFOPLIST_FILE = YES;
				INFOPLIST_FILE = Productopedia/Info.plist;
				INFOPLIST_KEY_UIApplicationSupportsIndirectInputEvents = YES;
				INFOPLIST_KEY_UILaunchStoryboardName = LaunchScreen;
				INFOPLIST_KEY_UISupportedInterfaceOrientations_iPad = "UIInterfaceOrientationPortrait UIInterfaceOrientationPortraitUpsideDown UIInterfaceOrientationLandscapeLeft UIInterfaceOrientationLandscapeRight";
				INFOPLIST_KEY_UISupportedInterfaceOrientations_iPhone = "UIInterfaceOrientationPortrait UIInterfaceOrientationLandscapeLeft UIInterfaceOrientationLandscapeRight";
				LD_RUNPATH_SEARCH_PATHS = (
					"$(inherited)",
					"@executable_path/Frameworks",
				);
				MARKETING_VERSION = 1.0;
				PRODUCT_BUNDLE_IDENTIFIER = "com.nicholas-adam1.Productopedia";
				PRODUCT_NAME = "$(TARGET_NAME)";
				SWIFT_EMIT_LOC_STRINGS = YES;
				SWIFT_VERSION = 5.0;
				TARGETED_DEVICE_FAMILY = "1,2";
			};
			name = Release;
		};
/* End XCBuildConfiguration section */

/* Begin XCConfigurationList section */
		67A6706E2970991100C6FFAC /* Build configuration list for PBXProject "Productopedia" */ = {
			isa = XCConfigurationList;
			buildConfigurations = (
				67A670852970991200C6FFAC /* Debug */,
				67A670862970991200C6FFAC /* Release */,
			);
			defaultConfigurationIsVisible = 0;
			defaultConfigurationName = Release;
		};
		67A670872970991200C6FFAC /* Build configuration list for PBXNativeTarget "Productopedia" */ = {
			isa = XCConfigurationList;
			buildConfigurations = (
				67A670882970991200C6FFAC /* Debug */,
				67A670892970991200C6FFAC /* Release */,
			);
			defaultConfigurationIsVisible = 0;
			defaultConfigurationName = Release;
		};
/* End XCConfigurationList section */
	};
	rootObject = 67A6706B2970991100C6FFAC /* Project object */;
}
